
Microsoft Visual Studio Solution File, Format Version 12.00
# Visual Studio Version 16
VisualStudioVersion = 16.0.30225.117
MinimumVisualStudioVersion = 10.0.40219.1
Project("{FAE04EC0-301F-11D3-BF4B-00C04F79EFBC}") = "reactCrud", "reactCrud.csproj", "{619BF2F6-04EE-427D-ADB4-C58441976D60}"
EndProject
Global
	GlobalSection(SolutionConfigurationPlatforms) = preSolution
		Debug|Any CPU = Debug|Any CPU
		Release|Any CPU = Release|Any CPU
	EndGlobalSection
	GlobalSection(ProjectConfigurationPlatforms) = postSolution
		{619BF2F6-04EE-427D-ADB4-C58441976D60}.Debug|Any CPU.ActiveCfg = Debug|Any CPU
		{619BF2F6-04EE-427D-ADB4-C58441976D60}.Debug|Any CPU.Build.0 = Debug|Any CPU
		{619BF2F6-04EE-427D-ADB4-C58441976D60}.Release|Any CPU.ActiveCfg = Release|Any CPU
		{619BF2F6-04EE-427D-ADB4-C58441976D60}.Release|Any CPU.Build.0 = Release|Any CPU
	EndGlobalSection
	GlobalSection(SolutionProperties) = preSolution
		HideSolutionNode = FALSE
	EndGlobalSection
	GlobalSection(ExtensibilityGlobals) = postSolution
		SolutionGuid = {E0389D52-125C-43F7-B878-04CDFAD4F329}
	EndGlobalSection
EndGlobal
